
Microsoft Visual Studio Solution File, Format Version 12.00
# Visual Studio 15
Project("{FAE04EC0-301F-11D3-BF4B-00C04F79EFBC}") = "Assembly-CSharp", "Assembly-CSharp.csproj", "{235C56B4-94E4-A85E-CBCB-E029679E9D85}"
EndProject
Project("{FAE04EC0-301F-11D3-BF4B-00C04F79EFBC}") = "Assembly-CSharp-Editor", "Assembly-CSharp-Editor.csproj", "{673812CB-0197-4610-B1B6-B6B008DE6247}"
EndProject
Global
	GlobalSection(SolutionConfigurationPlatforms) = preSolution
		Debug|Any CPU = Debug|Any CPU
		Release|Any CPU = Release|Any CPU
	EndGlobalSection
	GlobalSection(ProjectConfigurationPlatforms) = postSolution
		{235C56B4-94E4-A85E-CBCB-E029679E9D85}.Debug|Any CPU.ActiveCfg = Debug|Any CPU
		{235C56B4-94E4-A85E-CBCB-E029679E9D85}.Debug|Any CPU.Build.0 = Debug|Any CPU
		{235C56B4-94E4-A85E-CBCB-E029679E9D85}.Release|Any CPU.ActiveCfg = Release|Any CPU
		{235C56B4-94E4-A85E-CBCB-E029679E9D85}.Release|Any CPU.Build.0 = Release|Any CPU
		{673812CB-0197-4610-B1B6-B6B008DE6247}.Debug|Any CPU.ActiveCfg = Debug|Any CPU
		{673812CB-0197-4610-B1B6-B6B008DE6247}.Debug|Any CPU.Build.0 = Debug|Any CPU
		{673812CB-0197-4610-B1B6-B6B008DE6247}.Release|Any CPU.ActiveCfg = Release|Any CPU
		{673812CB-0197-4610-B1B6-B6B008DE6247}.Release|Any CPU.Build.0 = Release|Any CPU
	EndGlobalSection
	GlobalSection(SolutionProperties) = preSolution
		HideSolutionNode = FALSE
	EndGlobalSection
EndGlobal
